{
  "name": "agniproject",
  "version": "1.0.0",
  "lockfileVersion": 1,
  "requires": true,
  "dependencies": {
    "bootstrap": {
      "version": "4.0.0-beta.2",
      "resolved": "https://registry.npmjs.org/bootstrap/-/bootstrap-4.0.0-beta.2.tgz",
      "integrity": "sha512-DzGtdTlKbrMoGMpz0LigKSqJ+MgtFKxA791PU/q062OlRG0HybNZcTLH7rpDAmLS66Y3esN9yzKHLLbqa5UR3w=="
    },
    "bootstrap4": {
      "version": "0.0.1-security",
      "resolved": "https://registry.npmjs.org/bootstrap4/-/bootstrap4-0.0.1-security.tgz",
      "integrity": "sha1-WYkg1Ur8sq461zUayrxX45QtnEk="
    },
    "jcanvas": {
      "version": "20.1.4",
      "resolved": "https://registry.npmjs.org/jcanvas/-/jcanvas-20.1.4.tgz",
      "integrity": "sha512-3eYD/OlBw5Eb8sxhNyUnVQYUk1EqALkiNf73nBZTJGqfo+KzCJfyAV2K0hgQj0Qv9zlCpMr9CgFv6dafObQnKA==",
      "requires": {
        "jquery": "2.2.4"
      },
      "dependencies": {
        "jquery": {
          "version": "2.2.4",
          "resolved": "https://registry.npmjs.org/jquery/-/jquery-2.2.4.tgz",
          "integrity": "sha1-LInWiJterFIqfuoywUUhVZxsvwI="
        }
      }
    },
    "jquery": {
      "version": "3.2.1",
      "resolved": "https://registry.npmjs.org/jquery/-/jquery-3.2.1.tgz",
      "integrity": "sha1-XE2d5lKvbNCncBVKYxu6ErAVx4c="
    },
    "jquery-form": {
      "version": "4.2.2",
      "resolved": "https://registry.npmjs.org/jquery-form/-/jquery-form-4.2.2.tgz",
      "integrity": "sha512-HJTef7DRBSg8ge/RNUw8rUTTtB3l8ozO0OhD16AzDl+eIXp4skgCqRTd9fYPsOzL+pN6+1B9wvbTLGjgikz8Tg==",
      "requires": {
        "jquery": "3.2.1"
      }
    }
  }
}
